// !$*UTF8*$!
{
	archiveVersion = 1;
	classes = {
	};
	objectVersion = 46;
	objects = {

/* Begin PBXBuildFile section */
		57824E051A435D6700531ED8 /* AppDelegate.swift in Sources */ = {isa = PBXBuildFile; fileRef = 57824E041A435D6700531ED8 /* AppDelegate.swift */; };
		57824E081A435D6700531ED8 /* CrDr.xcdatamodeld in Sources */ = {isa = PBXBuildFile; fileRef = 57824E061A435D6700531ED8 /* CrDr.xcdatamodeld */; };
		57824E0A1A435D6700531ED8 /* MasterViewController.swift in Sources */ = {isa = PBXBuildFile; fileRef = 57824E091A435D6700531ED8 /* MasterViewController.swift */; };
		57824E0C1A435D6700531ED8 /* DetailViewController.swift in Sources */ = {isa = PBXBuildFile; fileRef = 57824E0B1A435D6700531ED8 /* DetailViewController.swift */; };
		57824E0F1A435D6700531ED8 /* Main.storyboard in Resources */ = {isa = PBXBuildFile; fileRef = 57824E0D1A435D6700531ED8 /* Main.storyboard */; };
		57824E111A435D6700531ED8 /* Images.xcassets in Resources */ = {isa = PBXBuildFile; fileRef = 57824E101A435D6700531ED8 /* Images.xcassets */; };
		57824E141A435D6700531ED8 /* LaunchScreen.xib in Resources */ = {isa = PBXBuildFile; fileRef = 57824E121A435D6700531ED8 /* LaunchScreen.xib */; };
		57824E201A435D6700531ED8 /* CrDrTests.swift in Sources */ = {isa = PBXBuildFile; fileRef = 57824E1F1A435D6700531ED8 /* CrDrTests.swift */; };
		57824E2A1A43627200531ED8 /* Transaction.swift in Sources */ = {isa = PBXBuildFile; fileRef = 57824E291A43627200531ED8 /* Transaction.swift */; };
		57F7DB9F1A43828200248CDA /* AddEditTableViewController.swift in Sources */ = {isa = PBXBuildFile; fileRef = 57F7DB9E1A43828200248CDA /* AddEditTableViewController.swift */; };
/* End PBXBuildFile section */

/* Begin PBXContainerItemProxy section */
		57824E1A1A435D6700531ED8 /* PBXContainerItemProxy */ = {
			isa = PBXContainerItemProxy;
			containerPortal = 57824DF71A435D6700531ED8 /* Project object */;
			proxyType = 1;
			remoteGlobalIDString = 57824DFE1A435D6700531ED8;
			remoteInfo = CrDr;
		};
/* End PBXContainerItemProxy section */

/* Begin PBXFileReference section */
		57824DFF1A435D6700531ED8 /* CrDr.app */ = {isa = PBXFileReference; explicitFileType = wrapper.application; includeInIndex = 0; path = CrDr.app; sourceTree = BUILT_PRODUCTS_DIR; };
		57824E031A435D6700531ED8 /* Info.plist */ = {isa = PBXFileReference; lastKnownFileType = text.plist.xml; path = Info.plist; sourceTree = "<group>"; };
		57824E041A435D6700531ED8 /* AppDelegate.swift */ = {isa = PBXFileReference; lastKnownFileType = sourcecode.swift; path = AppDelegate.swift; sourceTree = "<group>"; };
		57824E071A435D6700531ED8 /* CrDr.xcdatamodel */ = {isa = PBXFileReference; lastKnownFileType = wrapper.xcdatamodel; path = CrDr.xcdatamodel; sourceTree = "<group>"; };
		57824E091A435D6700531ED8 /* MasterViewController.swift */ = {isa = PBXFileReference; lastKnownFileType = sourcecode.swift; path = MasterViewController.swift; sourceTree = "<group>"; };
		57824E0B1A435D6700531ED8 /* DetailViewController.swift */ = {isa = PBXFileReference; lastKnownFileType = sourcecode.swift; path = DetailViewController.swift; sourceTree = "<group>"; };
		57824E0E1A435D6700531ED8 /* Base */ = {isa = PBXFileReference; lastKnownFileType = file.storyboard; name = Base; path = Base.lproj/Main.storyboard; sourceTree = "<group>"; };
		57824E101A435D6700531ED8 /* Images.xcassets */ = {isa = PBXFileReference; lastKnownFileType = folder.assetcatalog; path = Images.xcassets; sourceTree = "<group>"; };
		57824E131A435D6700531ED8 /* Base */ = {isa = PBXFileReference; lastKnownFileType = file.xib; name = Base; path = Base.lproj/LaunchScreen.xib; sourceTree = "<group>"; };
		57824E191A435D6700531ED8 /* CrDrTests.xctest */ = {isa = PBXFileReference; explicitFileType = wrapper.cfbundle; includeInIndex = 0; path = CrDrTests.xctest; sourceTree = BUILT_PRODUCTS_DIR; };
		57824E1E1A435D6700531ED8 /* Info.plist */ = {isa = PBXFileReference; lastKnownFileType = text.plist.xml; path = Info.plist; sourceTree = "<group>"; };
		57824E1F1A435D6700531ED8 /* CrDrTests.swift */ = {isa = PBXFileReference; lastKnownFileType = sourcecode.swift; path = CrDrTests.swift; sourceTree = "<group>"; };
		57824E291A43627200531ED8 /* Transaction.swift */ = {isa = PBXFileReference; fileEncoding = 4; lastKnownFileType = sourcecode.swift; path = Transaction.swift; sourceTree = "<group>"; };
		57F7DB9E1A43828200248CDA /* AddEditTableViewController.swift */ = {isa = PBXFileReference; fileEncoding = 4; lastKnownFileType = sourcecode.swift; path = AddEditTableViewController.swift; sourceTree = "<group>"; };
/* End PBXFileReference section */

/* Begin PBXFrameworksBuildPhase section */
		57824DFC1A435D6700531ED8 /* Frameworks */ = {
			isa = PBXFrameworksBuildPhase;
			buildActionMask = 2147483647;
			files = (
			);
			runOnlyForDeploymentPostprocessing = 0;
		};
		57824E161A435D6700531ED8 /* Frameworks */ = {
			isa = PBXFrameworksBuildPhase;
			buildActionMask = 2147483647;
			files = (
			);
			runOnlyForDeploymentPostprocessing = 0;
		};
/* End PBXFrameworksBuildPhase section */

/* Begin PBXGroup section */
		57824DF61A435D6700531ED8 = {
			isa = PBXGroup;
			children = (
				57824E011A435D6700531ED8 /* CrDr */,
				57824E1C1A435D6700531ED8 /* CrDrTests */,
				57824E001A435D6700531ED8 /* Products */,
			);
			sourceTree = "<group>";
		};
		57824E001A435D6700531ED8 /* Products */ = {
			isa = PBXGroup;
			children = (
				57824DFF1A435D6700531ED8 /* CrDr.app */,
				57824E191A435D6700531ED8 /* CrDrTests.xctest */,
			);
			name = Products;
			sourceTree = "<group>";
		};
		57824E011A435D6700531ED8 /* CrDr */ = {
			isa = PBXGroup;
			children = (
				57824E041A435D6700531ED8 /* AppDelegate.swift */,
				57824E091A435D6700531ED8 /* MasterViewController.swift */,
				57824E0B1A435D6700531ED8 /* DetailViewController.swift */,
				57824E0D1A435D6700531ED8 /* Main.storyboard */,
				57F7DB9E1A43828200248CDA /* AddEditTableViewController.swift */,
				57824E101A435D6700531ED8 /* Images.xcassets */,
				57824E121A435D6700531ED8 /* LaunchScreen.xib */,
				57824E061A435D6700531ED8 /* CrDr.xcdatamodeld */,
				57824E291A43627200531ED8 /* Transaction.swift */,
				57824E021A435D6700531ED8 /* Supporting Files */,
			);
			path = CrDr;
			sourceTree = "<group>";
		};
		57824E021A435D6700531ED8 /* Supporting Files */ = {
			isa = PBXGroup;
			children = (
				57824E031A435D6700531ED8 /* Info.plist */,
			);
			name = "Supporting Files";
			sourceTree = "<group>";
		};
		57824E1C1A435D6700531ED8 /* CrDrTests */ = {
			isa = PBXGroup;
			children = (
				57824E1F1A435D6700531ED8 /* CrDrTests.swift */,
				57824E1D1A435D6700531ED8 /* Supporting Files */,
			);
			path = CrDrTests;
			sourceTree = "<group>";
		};
		57824E1D1A435D6700531ED8 /* Supporting Files */ = {
			isa = PBXGroup;
			children = (
				57824E1E1A435D6700531ED8 /* Info.plist */,
			);
			name = "Supporting Files";
			sourceTree = "<group>";
		};
/* End PBXGroup section */

/* Begin PBXNativeTarget section */
		57824DFE1A435D6700531ED8 /* CrDr */ = {
			isa = PBXNativeTarget;
			buildConfigurationList = 57824E231A435D6700531ED8 /* Build configuration list for PBXNativeTarget "CrDr" */;
			buildPhases = (
				57824DFB1A435D6700531ED8 /* Sources */,
				57824DFC1A435D6700531ED8 /* Frameworks */,
				57824DFD1A435D6700531ED8 /* Resources */,
			);
			buildRules = (
			);
			dependencies = (
			);
			name = CrDr;
			productName = CrDr;
			productReference = 57824DFF1A435D6700531ED8 /* CrDr.app */;
			productType = "com.apple.product-type.application";
		};
		57824E181A435D6700531ED8 /* CrDrTests */ = {
			isa = PBXNativeTarget;
			buildConfigurationList = 57824E261A435D6700531ED8 /* Build configuration list for PBXNativeTarget "CrDrTests" */;
			buildPhases = (
				57824E151A435D6700531ED8 /* Sources */,
				57824E161A435D6700531ED8 /* Frameworks */,
				57824E171A435D6700531ED8 /* Resources */,
			);
			buildRules = (
			);
			dependencies = (
				57824E1B1A435D6700531ED8 /* PBXTargetDependency */,
			);
			name = CrDrTests;
			productName = CrDrTests;
			productReference = 57824E191A435D6700531ED8 /* CrDrTests.xctest */;
			productType = "com.apple.product-type.bundle.unit-test";
		};
/* End PBXNativeTarget section */

/* Begin PBXProject section */
		57824DF71A435D6700531ED8 /* Project object */ = {
			isa = PBXProject;
			attributes = {
				LastUpgradeCheck = 0610;
				ORGANIZATIONNAME = "Matthew Chess";
				TargetAttributes = {
					57824DFE1A435D6700531ED8 = {
						CreatedOnToolsVersion = 6.1.1;
					};
					57824E181A435D6700531ED8 = {
						CreatedOnToolsVersion = 6.1.1;
						TestTargetID = 57824DFE1A435D6700531ED8;
					};
				};
			};
			buildConfigurationList = 57824DFA1A435D6700531ED8 /* Build configuration list for PBXProject "CrDr" */;
			compatibilityVersion = "Xcode 3.2";
			developmentRegion = English;
			hasScannedForEncodings = 0;
			knownRegions = (
				en,
				Base,
			);
			mainGroup = 57824DF61A435D6700531ED8;
			productRefGroup = 57824E001A435D6700531ED8 /* Products */;
			projectDirPath = "";
			projectRoot = "";
			targets = (
				57824DFE1A435D6700531ED8 /* CrDr */,
				57824E181A435D6700531ED8 /* CrDrTests */,
			);
		};
/* End PBXProject section */

/* Begin PBXResourcesBuildPhase section */
		57824DFD1A435D6700531ED8 /* Resources */ = {
			isa = PBXResourcesBuildPhase;
			buildActionMask = 2147483647;
			files = (
				57824E0F1A435D6700531ED8 /* Main.storyboard in Resources */,
				57824E141A435D6700531ED8 /* LaunchScreen.xib in Resources */,
				57824E111A435D6700531ED8 /* Images.xcassets in Resources */,
			);
			runOnlyForDeploymentPostprocessing = 0;
		};
		57824E171A435D6700531ED8 /* Resources */ = {
			isa = PBXResourcesBuildPhase;
			buildActionMask = 2147483647;
			files = (
			);
			runOnlyForDeploymentPostprocessing = 0;
		};
/* End PBXResourcesBuildPhase section */

/* Begin PBXSourcesBuildPhase section */
		57824DFB1A435D6700531ED8 /* Sources */ = {
			isa = PBXSourcesBuildPhase;
			buildActionMask = 2147483647;
			files = (
				57F7DB9F1A43828200248CDA /* AddEditTableViewController.swift in Sources */,
				57824E081A435D6700531ED8 /* CrDr.xcdatamodeld in Sources */,
				57824E051A435D6700531ED8 /* AppDelegate.swift in Sources */,
				57824E0A1A435D6700531ED8 /* MasterViewController.swift in Sources */,
				57824E0C1A435D6700531ED8 /* DetailViewController.swift in Sources */,
				57824E2A1A43627200531ED8 /* Transaction.swift in Sources */,
			);
			runOnlyForDeploymentPostprocessing = 0;
		};
		57824E151A435D6700531ED8 /* Sources */ = {
			isa = PBXSourcesBuildPhase;
			buildActionMask = 2147483647;
			files = (
				57824E201A435D6700531ED8 /* CrDrTests.swift in Sources */,
			);
			runOnlyForDeploymentPostprocessing = 0;
		};
/* End PBXSourcesBuildPhase section */

/* Begin PBXTargetDependency section */
		57824E1B1A435D6700531ED8 /* PBXTargetDependency */ = {
			isa = PBXTargetDependency;
			target = 57824DFE1A435D6700531ED8 /* CrDr */;
			targetProxy = 57824E1A1A435D6700531ED8 /* PBXContainerItemProxy */;
		};
/* End PBXTargetDependency section */

/* Begin PBXVariantGroup section */
		57824E0D1A435D6700531ED8 /* Main.storyboard */ = {
			isa = PBXVariantGroup;
			children = (
				57824E0E1A435D6700531ED8 /* Base */,
			);
			name = Main.storyboard;
			sourceTree = "<group>";
		};
		57824E121A435D6700531ED8 /* LaunchScreen.xib */ = {
			isa = PBXVariantGroup;
			children = (
				57824E131A435D6700531ED8 /* Base */,
			);
			name = LaunchScreen.xib;
			sourceTree = "<group>";
		};
/* End PBXVariantGroup section */

/* Begin XCBuildConfiguration section */
		57824E211A435D6700531ED8 /* Debug */ = {
			isa = XCBuildConfiguration;
			buildSettings = {
				ALWAYS_SEARCH_USER_PATHS = NO;
				CLANG_CXX_LANGUAGE_STANDARD = "gnu++0x";
				CLANG_CXX_LIBRARY = "libc++";
				CLANG_ENABLE_MODULES = YES;
				CLANG_ENABLE_OBJC_ARC = YES;
				CLANG_WARN_BOOL_CONVERSION = YES;
				CLANG_WARN_CONSTANT_CONVERSION = YES;
				CLANG_WARN_DIRECT_OBJC_ISA_USAGE = YES_ERROR;
				CLANG_WARN_EMPTY_BODY = YES;
				CLANG_WARN_ENUM_CONVERSION = YES;
				CLANG_WARN_INT_CONVERSION = YES;
				CLANG_WARN_OBJC_ROOT_CLASS = YES_ERROR;
				CLANG_WARN_UNREACHABLE_CODE = YES;
				CLANG_WARN__DUPLICATE_METHOD_MATCH = YES;
				"CODE_SIGN_IDENTITY[sdk=iphoneos*]" = "iPhone Developer";
				COPY_PHASE_STRIP = NO;
				ENABLE_STRICT_OBJC_MSGSEND = YES;
				GCC_C_LANGUAGE_STANDARD = gnu99;
				GCC_DYNAMIC_NO_PIC = NO;
				GCC_OPTIMIZATION_LEVEL = 0;
				GCC_PREPROCESSOR_DEFINITIONS = (
					"DEBUG=1",
					"$(inherited)",
				);
				GCC_SYMBOLS_PRIVATE_EXTERN = NO;
				GCC_WARN_64_TO_32_BIT_CONVERSION = YES;
				GCC_WARN_ABOUT_RETURN_TYPE = YES_ERROR;
				GCC_WARN_UNDECLARED_SELECTOR = YES;
				GCC_WARN_UNINITIALIZED_AUTOS = YES_AGGRESSIVE;
				GCC_WARN_UNUSED_FUNCTION = YES;
				GCC_WARN_UNUSED_VARIABLE = YES;
				IPHONEOS_DEPLOYMENT_TARGET = 8.1;
				MTL_ENABLE_DEBUG_INFO = YES;
				ONLY_ACTIVE_ARCH = YES;
				SDKROOT = iphoneos;
				SWIFT_OPTIMIZATION_LEVEL = "-Onone";
				TARGETED_DEVICE_FAMILY = "1,2";
			};
			name = Debug;
		};
		57824E221A435D6700531ED8 /* Release */ = {
			isa = XCBuildConfiguration;
			buildSettings = {
				ALWAYS_SEARCH_USER_PATHS = NO;
				CLANG_CXX_LANGUAGE_STANDARD = "gnu++0x";
				CLANG_CXX_LIBRARY = "libc++";
				CLANG_ENABLE_MODULES = YES;
				CLANG_ENABLE_OBJC_ARC = YES;
				CLANG_WARN_BOOL_CONVERSION = YES;
				CLANG_WARN_CONSTANT_CONVERSION = YES;
				CLANG_WARN_DIRECT_OBJC_ISA_USAGE = YES_ERROR;
				CLANG_WARN_EMPTY_BODY = YES;
				CLANG_WARN_ENUM_CONVERSION = YES;
				CLANG_WARN_INT_CONVERSION = YES;
				CLANG_WARN_OBJC_ROOT_CLASS = YES_ERROR;
				CLANG_WARN_UNREACHABLE_CODE = YES;
				CLANG_WARN__DUPLICATE_METHOD_MATCH = YES;
				"CODE_SIGN_IDENTITY[sdk=iphoneos*]" = "iPhone Developer";
				COPY_PHASE_STRIP = YES;
				ENABLE_NS_ASSERTIONS = NO;
				ENABLE_STRICT_OBJC_MSGSEND = YES;
				GCC_C_LANGUAGE_STANDARD = gnu99;
				GCC_WARN_64_TO_32_BIT_CONVERSION = YES;
				GCC_WARN_ABOUT_RETURN_TYPE = YES_ERROR;
				GCC_WARN_UNDECLARED_SELECTOR = YES;
				GCC_WARN_UNINITIALIZED_AUTOS = YES_AGGRESSIVE;
				GCC_WARN_UNUSED_FUNCTION = YES;
				GCC_WARN_UNUSED_VARIABLE = YES;
				IPHONEOS_DEPLOYMENT_TARGET = 8.1;
				MTL_ENABLE_DEBUG_INFO = NO;
				SDKROOT = iphoneos;
				TARGETED_DEVICE_FAMILY = "1,2";
				VALIDATE_PRODUCT = YES;
			};
			name = Release;
		};
		57824E241A435D6700531ED8 /* Debug */ = {
			isa = XCBuildConfiguration;
			buildSettings = {
				ASSETCATALOG_COMPILER_APPICON_NAME = AppIcon;
				INFOPLIST_FILE = CrDr/Info.plist;
				LD_RUNPATH_SEARCH_PATHS = "$(inherited) @executable_path/Frameworks";
				PRODUCT_NAME = "$(TARGET_NAME)";
			};
			name = Debug;
		};
		57824E251A435D6700531ED8 /* Release */ = {
			isa = XCBuildConfiguration;
			buildSettings = {
				ASSETCATALOG_COMPILER_APPICON_NAME = AppIcon;
				INFOPLIST_FILE = CrDr/Info.plist;
				LD_RUNPATH_SEARCH_PATHS = "$(inherited) @executable_path/Frameworks";
				PRODUCT_NAME = "$(TARGET_NAME)";
			};
			name = Release;
		};
		57824E271A435D6700531ED8 /* Debug */ = {
			isa = XCBuildConfiguration;
			buildSettings = {
				BUNDLE_LOADER = "$(TEST_HOST)";
				FRAMEWORK_SEARCH_PATHS = (
					"$(SDKROOT)/Developer/Library/Frameworks",
					"$(inherited)",
				);
				GCC_PREPROCESSOR_DEFINITIONS = (
					"DEBUG=1",
					"$(inherited)",
				);
				INFOPLIST_FILE = CrDrTests/Info.plist;
				LD_RUNPATH_SEARCH_PATHS = "$(inherited) @executable_path/Frameworks @loader_path/Frameworks";
				PRODUCT_NAME = "$(TARGET_NAME)";
				TEST_HOST = "$(BUILT_PRODUCTS_DIR)/CrDr.app/CrDr";
			};
			name = Debug;
		};
		57824E281A435D6700531ED8 /* Release */ = {
			isa = XCBuildConfiguration;
			buildSettings = {
				BUNDLE_LOADER = "$(TEST_HOST)";
				FRAMEWORK_SEARCH_PATHS = (
					"$(SDKROOT)/Developer/Library/Frameworks",
					"$(inherited)",
				);
				INFOPLIST_FILE = CrDrTests/Info.plist;
				LD_RUNPATH_SEARCH_PATHS = "$(inherited) @executable_path/Frameworks @loader_path/Frameworks";
				PRODUCT_NAME = "$(TARGET_NAME)";
				TEST_HOST = "$(BUILT_PRODUCTS_DIR)/CrDr.app/CrDr";
			};
			name = Release;
		};
/* End XCBuildConfiguration section */

/* Begin XCConfigurationList section */
		57824DFA1A435D6700531ED8 /* Build configuration list for PBXProject "CrDr" */ = {
			isa = XCConfigurationList;
			buildConfigurations = (
				57824E211A435D6700531ED8 /* Debug */,
				57824E221A435D6700531ED8 /* Release */,
			);
			defaultConfigurationIsVisible = 0;
			defaultConfigurationName = Release;
		};
		57824E231A435D6700531ED8 /* Build configuration list for PBXNativeTarget "CrDr" */ = {
			isa = XCConfigurationList;
			buildConfigurations = (
				57824E241A435D6700531ED8 /* Debug */,
				57824E251A435D6700531ED8 /* Release */,
			);
			defaultConfigurationIsVisible = 0;
			defaultConfigurationName = Release;
		};
		57824E261A435D6700531ED8 /* Build configuration list for PBXNativeTarget "CrDrTests" */ = {
			isa = XCConfigurationList;
			buildConfigurations = (
				57824E271A435D6700531ED8 /* Debug */,
				57824E281A435D6700531ED8 /* Release */,
			);
			defaultConfigurationIsVisible = 0;
			defaultConfigurationName = Release;
		};
/* End XCConfigurationList section */

/* Begin XCVersionGroup section */
		57824E061A435D6700531ED8 /* CrDr.xcdatamodeld */ = {
			isa = XCVersionGroup;
			children = (
				57824E071A435D6700531ED8 /* CrDr.xcdatamodel */,
			);
			currentVersion = 57824E071A435D6700531ED8 /* CrDr.xcdatamodel */;
			path = CrDr.xcdatamodeld;
			sourceTree = "<group>";
			versionGroupType = wrapper.xcdatamodel;
		};
/* End XCVersionGroup section */
	};
	rootObject = 57824DF71A435D6700531ED8 /* Project object */;
}
